#MicroXplorer Configuration settings - do not modify
Mcu.Family=STM32F1
PA6.GPIOParameters=GPIO_Speed
RCC.PLLSourceVirtual=RCC_PLLSOURCE_HSE
ProjectManager.MainLocation=Core/Src
RCC.MCOFreq_Value=72000000
ProjectManager.ProjectFileName=C8T6_Control.ioc
PD1-OSC_OUT.Mode=HSE-External-Oscillator
ProjectManager.KeepUserCode=true
Mcu.UserName=STM32F103C8Tx
Mcu.PinsNb=18
PB10.Mode=I2C
ProjectManager.NoMain=false
TIM1.IPParameters=EncoderMode
TIM2.IC1Filter=0
USART1.BaudRate=9600
RCC.PLLCLKFreq_Value=72000000
PA9.GPIO_Label=ENA_RIGHT
ProjectManager.functionlistsort=1-MX_GPIO_Init-GPIO-false-HAL-true,2-SystemClock_Config-RCC-false-HAL-false,3-MX_I2C2_Init-I2C2-false-HAL-true,4-MX_TIM1_Init-TIM1-false-HAL-true,5-MX_TIM2_Init-TIM2-false-HAL-true,6-MX_TIM3_Init-TIM3-false-HAL-true,7-MX_USART1_UART_Init-USART1-false-HAL-true,8-MX_TIM4_Init-TIM4-false-HAL-true
PA9.GPIOParameters=GPIO_PuPd,GPIO_Label
TIM1.EncoderMode=TIM_ENCODERMODE_TI12
RCC.ADCFreqValue=36000000
ProjectManager.DefaultFWLocation=true
TIM2.EncoderMode=TIM_ENCODERMODE_TI12
PD0-OSC_IN.Signal=RCC_OSC_IN
ProjectManager.DeletePrevious=true
SH.S_TIM1_CH1.ConfNb=1
USART1.IPParameters=VirtualMode,BaudRate
RCC.APB1CLKDivider=RCC_HCLK_DIV2
PB11.Signal=I2C2_SDA
SH.S_TIM3_CH3.0=TIM3_CH3,PWM Generation3 CH3
PA9.GPIO_PuPd=GPIO_PULLUP
SH.S_TIM2_CH1_ETR.ConfNb=1
PinOutPanel.RotationAngle=0
TIM3.Channel-PWM\ Generation4\ CH4=TIM_CHANNEL_4
RCC.FamilyName=M
RCC.SYSCLKSource=RCC_SYSCLKSOURCE_PLLCLK
ProjectManager.StackSize=0x400
PA0-WKUP.GPIO_Label=ENA_LEFT
PA0-WKUP.Signal=S_TIM2_CH1_ETR
PD1-OSC_OUT.Signal=RCC_OSC_OUT
PA13.Signal=SYS_JTMS-SWDIO
Mcu.IP4=TIM1
TIM3.Channel-PWM\ Generation3\ CH3=TIM_CHANNEL_3
RCC.FCLKCortexFreq_Value=72000000
Mcu.IP5=TIM2
NVIC.SVCall_IRQn=true\:0\:0\:false\:false\:true\:false\:false
Mcu.IP2=RCC
Mcu.IP3=SYS
SH.S_TIM2_CH2.0=TIM2_CH2,Encoder_Interface
Mcu.IP0=I2C2
Mcu.IP1=NVIC
PA8.GPIO_Label=ENA_RIGHT
SH.S_TIM1_CH1.0=TIM1_CH1,Encoder_Interface
Mcu.UserConstants=
PB11.Mode=I2C
SH.S_TIM3_CH2.ConfNb=1
VP_TIM4_VS_ClockSourceINT.Signal=TIM4_VS_ClockSourceINT
ProjectManager.TargetToolchain=MDK-ARM V5
TIM4.IPParameters=Prescaler,Period
SH.S_TIM3_CH3.ConfNb=1
Mcu.ThirdPartyNb=0
RCC.HCLKFreq_Value=72000000
Mcu.IPNb=9
TIM2.IPParameters=EncoderMode,IC1Filter,IC2Filter
ProjectManager.PreviousToolchain=
RCC.APB2TimFreq_Value=72000000
TIM3.Period=1000-1
PA9.Signal=S_TIM1_CH2
SH.S_TIM2_CH2.ConfNb=1
PB6.Signal=USART1_TX
PB6.Mode=Asynchronous
NVIC.I2C2_ER_IRQn=true\:0\:0\:false\:false\:true\:true\:true
PA8.GPIOParameters=GPIO_PuPd,GPIO_Label
Mcu.Pin6=PB0
Mcu.Pin7=PB1
ProjectManager.RegisterCallBack=
Mcu.Pin8=PB10
RCC.USBFreq_Value=72000000
Mcu.Pin9=PB11
TIM4.Prescaler=72-1
PA1.GPIO_PuPd=GPIO_PULLUP
PA1.Signal=S_TIM2_CH2
RCC.AHBFreq_Value=72000000
Mcu.Pin0=PD0-OSC_IN
Mcu.Pin1=PD1-OSC_OUT
SH.S_TIM1_CH2.ConfNb=1
TIM3.Channel-PWM\ Generation1\ CH1=TIM_CHANNEL_1
GPIO.groupedBy=Group By Peripherals
Mcu.Pin2=PA0-WKUP
PD0-OSC_IN.Mode=HSE-External-Oscillator
PB10.Signal=I2C2_SCL
Mcu.Pin3=PA1
PA0-WKUP.GPIOParameters=GPIO_PuPd,GPIO_Label
Mcu.Pin4=PA6
Mcu.Pin5=PA7
ProjectManager.ProjectBuild=false
SH.S_TIM3_CH2.0=TIM3_CH2,PWM Generation2 CH2
NVIC.UsageFault_IRQn=true\:0\:0\:false\:false\:true\:false\:false
NVIC.DebugMonitor_IRQn=true\:0\:0\:false\:false\:true\:false\:false
board=custom
NVIC.SysTick_IRQn=true\:0\:0\:false\:false\:true\:false\:true
ProjectManager.LastFirmware=true
RCC.PLLMUL=RCC_PLL_MUL9
PA7.GPIO_Speed=GPIO_SPEED_FREQ_LOW
RCC.VCOOutput2Freq_Value=8000000
ProjectManager.FirmwarePackage=STM32Cube FW_F1 V1.8.3
MxDb.Version=DB.6.0.0
RCC.APB2Freq_Value=72000000
PA1.GPIOParameters=GPIO_PuPd,GPIO_Label
ProjectManager.BackupPrevious=false
MxCube.Version=6.0.1
SH.S_TIM1_CH2.0=TIM1_CH2,Encoder_Interface
PA14.Mode=Serial_Wire
TIM3.Prescaler=72-1
File.Version=6
PA1.GPIO_Label=ENB_LEFT
VP_SYS_VS_Systick.Mode=SysTick
TIM3.IPParameters=Channel-PWM Generation1 CH1,Channel-PWM Generation2 CH2,Channel-PWM Generation3 CH3,Channel-PWM Generation4 CH4,Prescaler,Period
PB7.Signal=USART1_RX
PA8.Signal=S_TIM1_CH1
NVIC.NonMaskableInt_IRQn=true\:0\:0\:false\:false\:true\:false\:false
NVIC.PendSV_IRQn=true\:0\:0\:false\:false\:true\:false\:false
SH.S_TIM3_CH1.0=TIM3_CH1,PWM Generation1 CH1
TIM4.Period=10000-1
PA13.Mode=Serial_Wire
ProjectManager.FreePins=false
RCC.IPParameters=ADCFreqValue,AHBFreq_Value,APB1CLKDivider,APB1Freq_Value,APB1TimFreq_Value,APB2Freq_Value,APB2TimFreq_Value,FCLKCortexFreq_Value,FamilyName,HCLKFreq_Value,MCOFreq_Value,PLLCLKFreq_Value,PLLMCOFreq_Value,PLLMUL,PLLSourceVirtual,SYSCLKFreq_VALUE,SYSCLKSource,TimSysFreq_Value,USBFreq_Value,VCOOutput2Freq_Value
ProjectManager.AskForMigrate=true
Mcu.Name=STM32F103C(8-B)Tx
ProjectManager.HalAssertFull=false
ProjectManager.ProjectName=C8T6_Control
ProjectManager.UnderRoot=false
Mcu.IP8=USART1
Mcu.IP6=TIM3
RCC.PLLMCOFreq_Value=36000000
Mcu.IP7=TIM4
ProjectManager.CoupleFile=true
RCC.SYSCLKFreq_VALUE=72000000
Mcu.Package=LQFP48
PA6.Signal=S_TIM3_CH1
PB1.Signal=S_TIM3_CH4
RCC.TimSysFreq_Value=72000000
NVIC.ForceEnableDMAVector=true
KeepUserPlacement=false
NVIC.MemoryManagement_IRQn=true\:0\:0\:false\:false\:true\:false\:false
USART1.VirtualMode=VM_ASYNC
ProjectManager.CompilerOptimize=6
ProjectManager.ToolChainLocation=
VP_SYS_VS_Systick.Signal=SYS_VS_Systick
PB7.Mode=Asynchronous
SH.S_TIM2_CH1_ETR.0=TIM2_CH1,Encoder_Interface
PA14.Signal=SYS_JTCK-SWCLK
ProjectManager.HeapSize=0x200
Mcu.Pin15=PB7
NVIC.HardFault_IRQn=true\:0\:0\:false\:false\:true\:false\:false
Mcu.Pin16=VP_SYS_VS_Systick
Mcu.Pin13=PA14
Mcu.Pin14=PB6
SH.S_TIM3_CH1.ConfNb=1
ProjectManager.ComputerToolchain=false
Mcu.Pin17=VP_TIM4_VS_ClockSourceINT
NVIC.I2C2_EV_IRQn=true\:0\:0\:false\:false\:true\:true\:true
PA8.GPIO_PuPd=GPIO_PULLUP
VP_TIM4_VS_ClockSourceINT.Mode=Internal
SH.S_TIM3_CH4.ConfNb=1
NVIC.PriorityGroup=NVIC_PRIORITYGROUP_2
Mcu.Pin11=PA9
TIM3.Channel-PWM\ Generation2\ CH2=TIM_CHANNEL_2
Mcu.Pin12=PA13
Mcu.Pin10=PA8
RCC.APB1TimFreq_Value=72000000
PA0-WKUP.GPIO_PuPd=GPIO_PULLUP
NVIC.BusFault_IRQn=true\:0\:0\:false\:false\:true\:false\:false
PA6.GPIO_Speed=GPIO_SPEED_FREQ_LOW
NVIC.USART1_IRQn=true\:3\:0\:true\:false\:true\:true\:true
NVIC.TIM4_IRQn=true\:0\:0\:false\:false\:true\:true\:true
RCC.APB1Freq_Value=36000000
PB0.Signal=S_TIM3_CH3
PA7.GPIOParameters=GPIO_Speed
ProjectManager.CustomerFirmwarePackage=
ProjectManager.DeviceId=STM32F103C8Tx
ProjectManager.LibraryCopy=0
TIM2.IC2Filter=0
SH.S_TIM3_CH4.0=TIM3_CH4,PWM Generation4 CH4
PA7.Signal=S_TIM3_CH2
